
Microsoft Visual Studio Solution File, Format Version 12.00
# Visual Studio 15
VisualStudioVersion = 15.0.27130.2036
MinimumVisualStudioVersion = 10.0.40219.1
Project("{FAE04EC0-301F-11D3-BF4B-00C04F79EFBC}") = "Portfolio", "Portfolio\Portfolio.csproj", "{FBF23952-7E5E-465B-930F-72CA40E62C61}"
EndProject
Global
	GlobalSection(SolutionConfigurationPlatforms) = preSolution
		Debug|Any CPU = Debug|Any CPU
		Release|Any CPU = Release|Any CPU
	EndGlobalSection
	GlobalSection(ProjectConfigurationPlatforms) = postSolution
		{FBF23952-7E5E-465B-930F-72CA40E62C61}.Debug|Any CPU.ActiveCfg = Debug|Any CPU
		{FBF23952-7E5E-465B-930F-72CA40E62C61}.Debug|Any CPU.Build.0 = Debug|Any CPU
		{FBF23952-7E5E-465B-930F-72CA40E62C61}.Release|Any CPU.ActiveCfg = Release|Any CPU
		{FBF23952-7E5E-465B-930F-72CA40E62C61}.Release|Any CPU.Build.0 = Release|Any CPU
	EndGlobalSection
	GlobalSection(SolutionProperties) = preSolution
		HideSolutionNode = FALSE
	EndGlobalSection
	GlobalSection(ExtensibilityGlobals) = postSolution
		SolutionGuid = {0B2790BF-806C-4C43-B698-4C0BA0F6FDB2}
	EndGlobalSection
EndGlobal
